
Microsoft Visual Studio Solution File, Format Version 12.00
# Visual Studio 2012
VisualStudioVersion = 12.0.31101.0
MinimumVisualStudioVersion = 10.0.40219.1
Project("{FAE04EC0-301F-11D3-BF4B-00C04F79EFBC}") = "ProximitySenseSDK", "ProximitySenseSDK\ProximitySenseSDK.csproj", "{F5D28F2F-3B3A-4B37-9091-321BD6AB3B78}"
EndProject
Project("{FAE04EC0-301F-11D3-BF4B-00C04F79EFBC}") = "ProximitySenseSDK.Tests", "ProximitySenseSDK.Tests\ProximitySenseSDK.Tests.csproj", "{3126F746-E8FA-48E1-AEBD-EDFDF8AD6AE4}"
EndProject
Project("{FAE04EC0-301F-11D3-BF4B-00C04F79EFBC}") = "ProximitySenseSDK.Windows", "ProximitySenseSDK.Windows\ProximitySenseSDK.Windows.csproj", "{82922A33-6A36-4FD1-B735-68F22BC23969}"
EndProject
Project("{FAE04EC0-301F-11D3-BF4B-00C04F79EFBC}") = "ProximitySenseSDK.iOS", "ProximitySenseSDK.iOS\ProximitySenseSDK.iOS.csproj", "{8140191E-6774-4253-8CDA-62603E854DA1}"
EndProject
Project("{FAE04EC0-301F-11D3-BF4B-00C04F79EFBC}") = "ProximitySenseSDK.Droid", "ProximitySenseSDK.Droid\ProximitySenseSDK.Droid.csproj", "{8A31B8F0-14C1-4E82-B6B1-0C4D46518945}"
EndProject
Global
	GlobalSection(SolutionConfigurationPlatforms) = preSolution
		Debug|Any CPU = Debug|Any CPU
		Release|Any CPU = Release|Any CPU
	EndGlobalSection
	GlobalSection(ProjectConfigurationPlatforms) = postSolution
		{3126F746-E8FA-48E1-AEBD-EDFDF8AD6AE4}.Debug|Any CPU.ActiveCfg = Debug|Any CPU
		{3126F746-E8FA-48E1-AEBD-EDFDF8AD6AE4}.Debug|Any CPU.Build.0 = Debug|Any CPU
		{3126F746-E8FA-48E1-AEBD-EDFDF8AD6AE4}.Release|Any CPU.ActiveCfg = Release|Any CPU
		{3126F746-E8FA-48E1-AEBD-EDFDF8AD6AE4}.Release|Any CPU.Build.0 = Release|Any CPU
		{8140191E-6774-4253-8CDA-62603E854DA1}.Debug|Any CPU.ActiveCfg = Debug|Any CPU
		{8140191E-6774-4253-8CDA-62603E854DA1}.Debug|Any CPU.Build.0 = Debug|Any CPU
		{8140191E-6774-4253-8CDA-62603E854DA1}.Release|Any CPU.ActiveCfg = Release|Any CPU
		{8140191E-6774-4253-8CDA-62603E854DA1}.Release|Any CPU.Build.0 = Release|Any CPU
		{82922A33-6A36-4FD1-B735-68F22BC23969}.Debug|Any CPU.ActiveCfg = Debug|Any CPU
		{82922A33-6A36-4FD1-B735-68F22BC23969}.Debug|Any CPU.Build.0 = Debug|Any CPU
		{82922A33-6A36-4FD1-B735-68F22BC23969}.Release|Any CPU.ActiveCfg = Release|Any CPU
		{82922A33-6A36-4FD1-B735-68F22BC23969}.Release|Any CPU.Build.0 = Release|Any CPU
		{8A31B8F0-14C1-4E82-B6B1-0C4D46518945}.Debug|Any CPU.ActiveCfg = Debug|Any CPU
		{8A31B8F0-14C1-4E82-B6B1-0C4D46518945}.Debug|Any CPU.Build.0 = Debug|Any CPU
		{8A31B8F0-14C1-4E82-B6B1-0C4D46518945}.Release|Any CPU.ActiveCfg = Release|Any CPU
		{8A31B8F0-14C1-4E82-B6B1-0C4D46518945}.Release|Any CPU.Build.0 = Release|Any CPU
		{F5D28F2F-3B3A-4B37-9091-321BD6AB3B78}.Debug|Any CPU.ActiveCfg = Debug|Any CPU
		{F5D28F2F-3B3A-4B37-9091-321BD6AB3B78}.Debug|Any CPU.Build.0 = Debug|Any CPU
		{F5D28F2F-3B3A-4B37-9091-321BD6AB3B78}.Release|Any CPU.ActiveCfg = Release|Any CPU
		{F5D28F2F-3B3A-4B37-9091-321BD6AB3B78}.Release|Any CPU.Build.0 = Release|Any CPU
	EndGlobalSection
	GlobalSection(SolutionProperties) = preSolution
		HideSolutionNode = FALSE
	EndGlobalSection
EndGlobal
